PODS:
  - draw_on_image_plugin (1.0.0):
    - Flutter
  - Flutter (1.0.0)

DEPENDENCIES:
  - draw_on_image_plugin (from `.symlinks/plugins/draw_on_image_plugin/ios`)
  - Flutter (from `Flutter`)

EXTERNAL SOURCES:
  draw_on_image_plugin:
    :path: ".symlinks/plugins/draw_on_image_plugin/ios"
  Flutter:
    :path: Flutter

SPEC CHECKSUMS:
  draw_on_image_plugin: a7d10dc567c3568f4d58d58f0440c81f1d3078f5
  Flutter: 50d75fe2f02b26cc09d224853bb45737f8b3214a

PODFILE CHECKSUM: aafe91acc616949ddb318b77800a7f51bffa2a4c

COCOAPODS: 1.11.3
