PODS:
  - draw_on_image_plugin (0.0.1):
    - Flutter
  - Flutter (1.0.0)

DEPENDENCIES:
  - draw_on_image_plugin (from `.symlinks/plugins/draw_on_image_plugin/ios`)
  - Flutter (from `Flutter`)

EXTERNAL SOURCES:
  draw_on_image_plugin:
    :path: ".symlinks/plugins/draw_on_image_plugin/ios"
  Flutter:
    :path: Flutter

SPEC CHECKSUMS:
  draw_on_image_plugin: 1868e6c575f44975e1fa7a9018347349d807f9cc
  Flutter: 434fef37c0980e73bb6479ef766c45957d4b510c

PODFILE CHECKSUM: aafe91acc616949ddb318b77800a7f51bffa2a4c

COCOAPODS: 1.10.1
